
Microsoft Visual Studio Solution File, Format Version 12.00
# Visual Studio Version 17
VisualStudioVersion = 17.1.32407.343
MinimumVisualStudioVersion = 10.0.40219.1
Project("{54A90642-561A-4BB1-A94E-469ADEE60C69}") = "Frontend", "Frontend\Frontend.esproj", "{B62D715A-FFB0-41CD-AD13-A60F3E5F6149}"
EndProject
Project("{2150E333-8FDC-42A3-9474-1A3956D46DE8}") = "Files", "Files", "{4E0D5D7A-0D3D-4830-B7A7-C4693FB17D77}"
	ProjectSection(SolutionItems) = preProject
		.editorconfig = .editorconfig
	EndProjectSection
EndProject
Project("{2150E333-8FDC-42A3-9474-1A3956D46DE8}") = "Backend", "Backend", "{8C8655B5-E539-4B31-A4F1-EB4A553224F4}"
EndProject
Project("{2150E333-8FDC-42A3-9474-1A3956D46DE8}") = "Services", "Services", "{449A573B-DF76-4AB2-B2FE-2E29313A030E}"
EndProject
Project("{9A19103F-16F7-4668-BE54-9A1E7A4F7556}") = "Shared", "Backend\Shared\Shared.csproj", "{FAD1D5D5-3D3F-4D0D-AA8C-F1730711394A}"
EndProject
Project("{9A19103F-16F7-4668-BE54-9A1E7A4F7556}") = "CartService", "Backend\Services\CartService\CartService.csproj", "{3E0C78DF-CD73-4910-B60B-40F39685ACE2}"
EndProject
Project("{9A19103F-16F7-4668-BE54-9A1E7A4F7556}") = "CatalogService", "Backend\Services\CatalogService\CatalogService.csproj", "{D5FD07A4-7350-4484-B7E6-2475A344F798}"
EndProject
Project("{9A19103F-16F7-4668-BE54-9A1E7A4F7556}") = "CheckoutService", "Backend\Services\CheckoutService\CheckoutService.csproj", "{ADE13122-316D-4784-AE3F-1AAA1AB53702}"
EndProject
Project("{9A19103F-16F7-4668-BE54-9A1E7A4F7556}") = "ShippingService", "Backend\Services\ShippingService\ShippingService.csproj", "{6B1A881B-72C9-4E83-B4F5-CB72CEA584FC}"
EndProject
Global
	GlobalSection(SolutionConfigurationPlatforms) = preSolution
		Debug|Any CPU = Debug|Any CPU
		Release|Any CPU = Release|Any CPU
	EndGlobalSection
	GlobalSection(ProjectConfigurationPlatforms) = postSolution
		{B62D715A-FFB0-41CD-AD13-A60F3E5F6149}.Debug|Any CPU.ActiveCfg = Debug|Any CPU
		{B62D715A-FFB0-41CD-AD13-A60F3E5F6149}.Debug|Any CPU.Build.0 = Debug|Any CPU
		{B62D715A-FFB0-41CD-AD13-A60F3E5F6149}.Debug|Any CPU.Deploy.0 = Debug|Any CPU
		{B62D715A-FFB0-41CD-AD13-A60F3E5F6149}.Release|Any CPU.ActiveCfg = Release|Any CPU
		{B62D715A-FFB0-41CD-AD13-A60F3E5F6149}.Release|Any CPU.Build.0 = Release|Any CPU
		{B62D715A-FFB0-41CD-AD13-A60F3E5F6149}.Release|Any CPU.Deploy.0 = Release|Any CPU
		{FAD1D5D5-3D3F-4D0D-AA8C-F1730711394A}.Debug|Any CPU.ActiveCfg = Debug|Any CPU
		{FAD1D5D5-3D3F-4D0D-AA8C-F1730711394A}.Debug|Any CPU.Build.0 = Debug|Any CPU
		{FAD1D5D5-3D3F-4D0D-AA8C-F1730711394A}.Release|Any CPU.ActiveCfg = Release|Any CPU
		{FAD1D5D5-3D3F-4D0D-AA8C-F1730711394A}.Release|Any CPU.Build.0 = Release|Any CPU
		{3E0C78DF-CD73-4910-B60B-40F39685ACE2}.Debug|Any CPU.ActiveCfg = Debug|Any CPU
		{3E0C78DF-CD73-4910-B60B-40F39685ACE2}.Debug|Any CPU.Build.0 = Debug|Any CPU
		{3E0C78DF-CD73-4910-B60B-40F39685ACE2}.Release|Any CPU.ActiveCfg = Release|Any CPU
		{3E0C78DF-CD73-4910-B60B-40F39685ACE2}.Release|Any CPU.Build.0 = Release|Any CPU
		{D5FD07A4-7350-4484-B7E6-2475A344F798}.Debug|Any CPU.ActiveCfg = Debug|Any CPU
		{D5FD07A4-7350-4484-B7E6-2475A344F798}.Debug|Any CPU.Build.0 = Debug|Any CPU
		{D5FD07A4-7350-4484-B7E6-2475A344F798}.Release|Any CPU.ActiveCfg = Release|Any CPU
		{D5FD07A4-7350-4484-B7E6-2475A344F798}.Release|Any CPU.Build.0 = Release|Any CPU
		{ADE13122-316D-4784-AE3F-1AAA1AB53702}.Debug|Any CPU.ActiveCfg = Debug|Any CPU
		{ADE13122-316D-4784-AE3F-1AAA1AB53702}.Debug|Any CPU.Build.0 = Debug|Any CPU
		{ADE13122-316D-4784-AE3F-1AAA1AB53702}.Release|Any CPU.ActiveCfg = Release|Any CPU
		{ADE13122-316D-4784-AE3F-1AAA1AB53702}.Release|Any CPU.Build.0 = Release|Any CPU
		{6B1A881B-72C9-4E83-B4F5-CB72CEA584FC}.Debug|Any CPU.ActiveCfg = Debug|Any CPU
		{6B1A881B-72C9-4E83-B4F5-CB72CEA584FC}.Debug|Any CPU.Build.0 = Debug|Any CPU
		{6B1A881B-72C9-4E83-B4F5-CB72CEA584FC}.Release|Any CPU.ActiveCfg = Release|Any CPU
		{6B1A881B-72C9-4E83-B4F5-CB72CEA584FC}.Release|Any CPU.Build.0 = Release|Any CPU
	EndGlobalSection
	GlobalSection(SolutionProperties) = preSolution
		HideSolutionNode = FALSE
	EndGlobalSection
	GlobalSection(NestedProjects) = preSolution
		{449A573B-DF76-4AB2-B2FE-2E29313A030E} = {8C8655B5-E539-4B31-A4F1-EB4A553224F4}
		{FAD1D5D5-3D3F-4D0D-AA8C-F1730711394A} = {8C8655B5-E539-4B31-A4F1-EB4A553224F4}
		{3E0C78DF-CD73-4910-B60B-40F39685ACE2} = {449A573B-DF76-4AB2-B2FE-2E29313A030E}
		{D5FD07A4-7350-4484-B7E6-2475A344F798} = {449A573B-DF76-4AB2-B2FE-2E29313A030E}
		{ADE13122-316D-4784-AE3F-1AAA1AB53702} = {449A573B-DF76-4AB2-B2FE-2E29313A030E}
		{6B1A881B-72C9-4E83-B4F5-CB72CEA584FC} = {449A573B-DF76-4AB2-B2FE-2E29313A030E}
	EndGlobalSection
	GlobalSection(ExtensibilityGlobals) = postSolution
		SolutionGuid = {68B9C0C9-3625-4B52-818F-3708D81B73F8}
	EndGlobalSection
EndGlobal
